
Microsoft Visual Studio Solution File, Format Version 12.00
Project("{FAE04EC0-301F-11D3-BF4B-00C04F79EFBC}") = "TcpChat.Core", "TcpChat.Core\TcpChat.Core.csproj", "{C933EB8F-1CA4-44EC-8DE1-E4544A6C6C86}"
EndProject
Project("{FAE04EC0-301F-11D3-BF4B-00C04F79EFBC}") = "TcpChat.Server.App", "TcpChat.Server.App\TcpChat.Server.App.csproj", "{C393F755-17DF-4FD8-A8F3-EE0869B9AE5E}"
EndProject
Project("{FAE04EC0-301F-11D3-BF4B-00C04F79EFBC}") = "TcpChat.Client.App", "TcpChat.Client.App\TcpChat.Client.App.csproj", "{176224AC-EBAB-4B3A-984E-4D14D8B15F8D}"
EndProject
Global
	GlobalSection(SolutionConfigurationPlatforms) = preSolution
		Debug|Any CPU = Debug|Any CPU
		Release|Any CPU = Release|Any CPU
	EndGlobalSection
	GlobalSection(ProjectConfigurationPlatforms) = postSolution
		{C933EB8F-1CA4-44EC-8DE1-E4544A6C6C86}.Debug|Any CPU.ActiveCfg = Debug|Any CPU
		{C933EB8F-1CA4-44EC-8DE1-E4544A6C6C86}.Debug|Any CPU.Build.0 = Debug|Any CPU
		{C933EB8F-1CA4-44EC-8DE1-E4544A6C6C86}.Release|Any CPU.ActiveCfg = Release|Any CPU
		{C933EB8F-1CA4-44EC-8DE1-E4544A6C6C86}.Release|Any CPU.Build.0 = Release|Any CPU
		{C393F755-17DF-4FD8-A8F3-EE0869B9AE5E}.Debug|Any CPU.ActiveCfg = Debug|Any CPU
		{C393F755-17DF-4FD8-A8F3-EE0869B9AE5E}.Debug|Any CPU.Build.0 = Debug|Any CPU
		{C393F755-17DF-4FD8-A8F3-EE0869B9AE5E}.Release|Any CPU.ActiveCfg = Release|Any CPU
		{C393F755-17DF-4FD8-A8F3-EE0869B9AE5E}.Release|Any CPU.Build.0 = Release|Any CPU
		{176224AC-EBAB-4B3A-984E-4D14D8B15F8D}.Debug|Any CPU.ActiveCfg = Debug|Any CPU
		{176224AC-EBAB-4B3A-984E-4D14D8B15F8D}.Debug|Any CPU.Build.0 = Debug|Any CPU
		{176224AC-EBAB-4B3A-984E-4D14D8B15F8D}.Release|Any CPU.ActiveCfg = Release|Any CPU
		{176224AC-EBAB-4B3A-984E-4D14D8B15F8D}.Release|Any CPU.Build.0 = Release|Any CPU
	EndGlobalSection
EndGlobal
